
Microsoft Visual Studio Solution File, Format Version 12.00
# Visual Studio Version 17
VisualStudioVersion = 17.6.33829.357
MinimumVisualStudioVersion = 10.0.40219.1
Project("{FAE04EC0-301F-11D3-BF4B-00C04F79EFBC}") = "MonsterSport", "MonsterSport\MonsterSport.csproj", "{D9E10305-ADB3-45D7-87D1-171D07C31B91}"
EndProject
Global
	GlobalSection(SolutionConfigurationPlatforms) = preSolution
		Debug|Any CPU = Debug|Any CPU
		Release|Any CPU = Release|Any CPU
	EndGlobalSection
	GlobalSection(ProjectConfigurationPlatforms) = postSolution
		{D9E10305-ADB3-45D7-87D1-171D07C31B91}.Debug|Any CPU.ActiveCfg = Debug|Any CPU
		{D9E10305-ADB3-45D7-87D1-171D07C31B91}.Debug|Any CPU.Build.0 = Debug|Any CPU
		{D9E10305-ADB3-45D7-87D1-171D07C31B91}.Release|Any CPU.ActiveCfg = Release|Any CPU
		{D9E10305-ADB3-45D7-87D1-171D07C31B91}.Release|Any CPU.Build.0 = Release|Any CPU
	EndGlobalSection
	GlobalSection(SolutionProperties) = preSolution
		HideSolutionNode = FALSE
	EndGlobalSection
	GlobalSection(ExtensibilityGlobals) = postSolution
		SolutionGuid = {B3EC91B4-7D58-4730-9529-CA10EAAA5B6F}
	EndGlobalSection
EndGlobal
